%{"dialyxir": {:hex, :dialyxir, "0.5.1", "b331b091720fd93e878137add264bac4f644e1ddae07a70bf7062c7862c4b952", [:mix], [], "hexpm"},
  "dye": {:hex, :dye, "0.4.1", "e8d4b548fd17b441ebaaa53c823c29026bd17704bc9057304f15befb7e180df3", [:mix], []},
  "earmark": {:hex, :earmark, "1.2.4", "99b637c62a4d65a20a9fb674b8cffb8baa771c04605a80c911c4418c69b75439", [:mix], [], "hexpm"},
  "ex_doc": {:hex, :ex_doc, "0.18.1", "37c69d2ef62f24928c1f4fdc7c724ea04aecfdf500c4329185f8e3649c915baf", [:mix], [{:earmark, "~> 1.1", [hex: :earmark, repo: "hexpm", optional: false]}], "hexpm"},
  "gproc": {:hex, :gproc, "0.6.1", "4579663e5677970758a05d8f65d13c3e9814ec707ad51d8dcef7294eda1a730c", [:rebar3], []},
  "syn": {:hex, :syn, "1.6.0", "11edf63c417fa7d4ea95ea9b1c2f64cfc1a81ff5d852916860fa41cd95160445", [:rebar3], []},
  "uuid": {:hex, :uuid, "1.1.6", "4927232f244e69c6e255643014c2d639dad5b8313dc2a6976ee1c3724e6ca60d", [:mix], []}}
